{
  "name": "unit_test",
  "version": "1.0.0",
  "lockfileVersion": 2,
  "requires": true,
  "packages": {
    "": {
      "name": "unit_test",
      "version": "1.0.0",
      "license": "ISC",
      "dependencies": {
        "node-fetch": "^2.6.7",
        "unit-http": "^1.26.1"
      }
    },
    "node_modules/node-fetch": {
      "version": "2.6.7",
      "resolved": "http://npm.weimob.com:80/node-fetch/-/node-fetch-2.6.7.tgz",
      "integrity": "sha512-ZjMPFEfVx5j+y2yF35Kzx5sF7kDzxuDj6ziH4FFbOp87zKDZNx8yExJIb05OGF4Nlt9IHFIMBkRl41VdvcNdbQ==",
      "license": "MIT",
      "dependencies": {
        "whatwg-url": "^5.0.0"
      },
      "engines": {
        "node": "4.x || >=6.0.0"
      },
      "peerDependencies": {
        "encoding": "^0.1.0"
      },
      "peerDependenciesMeta": {
        "encoding": {
          "optional": true
        }
      }
    },
    "node_modules/tr46": {
      "version": "0.0.3",
      "resolved": "http://npm.weimob.com:80/tr46/-/tr46-0.0.3.tgz",
      "integrity": "sha1-gYT9NH2snNwYWZLzpmIuFLnZq2o=",
      "license": "MIT"
    },
    "node_modules/unit-http": {
      "version": "1.26.1",
      "resolved": "http://npm.weimob.com:80/unit-http/-/unit-http-1.26.1.tgz",
      "integrity": "sha512-oCjqWsz5UpdI8G8zd+MD+fe5QT3zxxHbExWeSKpoRl51RfGCCnUI9jFFcciry6E0rtSHAXbbsXa7qt4zXsvimA==",
      "hasInstallScript": true,
      "license": "Apache-2.0"
    },
    "node_modules/webidl-conversions": {
      "version": "3.0.1",
      "resolved": "http://npm.weimob.com:80/webidl-conversions/-/webidl-conversions-3.0.1.tgz",
      "integrity": "sha1-JFNCdeKnvGvnvIZhHMFq4KVlSHE=",
      "license": "BSD-2-Clause"
    },
    "node_modules/whatwg-url": {
      "version": "5.0.0",
      "resolved": "http://npm.weimob.com:80/whatwg-url/-/whatwg-url-5.0.0.tgz",
      "integrity": "sha1-lmRU6HZUYuN2RNNib2dCzotwll0=",
      "license": "MIT",
      "dependencies": {
        "tr46": "~0.0.3",
        "webidl-conversions": "^3.0.0"
      }
    }
  },
  "dependencies": {
    "node-fetch": {
      "version": "2.6.7",
      "resolved": "http://npm.weimob.com:80/node-fetch/-/node-fetch-2.6.7.tgz",
      "integrity": "sha512-ZjMPFEfVx5j+y2yF35Kzx5sF7kDzxuDj6ziH4FFbOp87zKDZNx8yExJIb05OGF4Nlt9IHFIMBkRl41VdvcNdbQ==",
      "requires": {
        "whatwg-url": "^5.0.0"
      }
    },
    "tr46": {
      "version": "0.0.3",
      "resolved": "http://npm.weimob.com:80/tr46/-/tr46-0.0.3.tgz",
      "integrity": "sha1-gYT9NH2snNwYWZLzpmIuFLnZq2o="
    },
    "unit-http": {
      "version": "1.26.1",
      "resolved": "http://npm.weimob.com:80/unit-http/-/unit-http-1.26.1.tgz",
      "integrity": "sha512-oCjqWsz5UpdI8G8zd+MD+fe5QT3zxxHbExWeSKpoRl51RfGCCnUI9jFFcciry6E0rtSHAXbbsXa7qt4zXsvimA=="
    },
    "webidl-conversions": {
      "version": "3.0.1",
      "resolved": "http://npm.weimob.com:80/webidl-conversions/-/webidl-conversions-3.0.1.tgz",
      "integrity": "sha1-JFNCdeKnvGvnvIZhHMFq4KVlSHE="
    },
    "whatwg-url": {
      "version": "5.0.0",
      "resolved": "http://npm.weimob.com:80/whatwg-url/-/whatwg-url-5.0.0.tgz",
      "integrity": "sha1-lmRU6HZUYuN2RNNib2dCzotwll0=",
      "requires": {
        "tr46": "~0.0.3",
        "webidl-conversions": "^3.0.0"
      }
    }
  }
}
